
Microsoft Visual Studio Solution File, Format Version 12.00
# Visual Studio Version 17
VisualStudioVersion = 17.11.35303.130
MinimumVisualStudioVersion = 10.0.40219.1
Project("{FAE04EC0-301F-11D3-BF4B-00C04F79EFBC}") = "Babble", "Babble\Babble.csproj", "{0164556F-BFBF-4150-9381-46E05B22B214}"
EndProject
Global
	GlobalSection(SolutionConfigurationPlatforms) = preSolution
		Debug|Any CPU = Debug|Any CPU
		Release|Any CPU = Release|Any CPU
	EndGlobalSection
	GlobalSection(ProjectConfigurationPlatforms) = postSolution
		{0164556F-BFBF-4150-9381-46E05B22B214}.Debug|Any CPU.ActiveCfg = Debug|Any CPU
		{0164556F-BFBF-4150-9381-46E05B22B214}.Debug|Any CPU.Build.0 = Debug|Any CPU
		{0164556F-BFBF-4150-9381-46E05B22B214}.Release|Any CPU.ActiveCfg = Release|Any CPU
		{0164556F-BFBF-4150-9381-46E05B22B214}.Release|Any CPU.Build.0 = Release|Any CPU
	EndGlobalSection
	GlobalSection(SolutionProperties) = preSolution
		HideSolutionNode = FALSE
	EndGlobalSection
	GlobalSection(ExtensibilityGlobals) = postSolution
		SolutionGuid = {A03D160E-73C4-4A8F-9E69-6C777D982E92}
	EndGlobalSection
EndGlobal
